// !$*UTF8*$!
{
	archiveVersion = 1;
	classes = {
	};
	objectVersion = 55;
	objects = {

/* Begin PBXBuildFile section */
		41B4F2E571D2BBF20869B724 /* Pods_shuffle_cards_app.framework in Frameworks */ = {isa = PBXBuildFile; fileRef = D6EBC85199866CF8F3FEAFA8 /* Pods_shuffle_cards_app.framework */; };
		844462972850FE7800FF0E22 /* AppDelegate.swift in Sources */ = {isa = PBXBuildFile; fileRef = 844462962850FE7800FF0E22 /* AppDelegate.swift */; };
		844462992850FE7800FF0E22 /* SceneDelegate.swift in Sources */ = {isa = PBXBuildFile; fileRef = 844462982850FE7800FF0E22 /* SceneDelegate.swift */; };
		8444629B2850FE7800FF0E22 /* ViewController.swift in Sources */ = {isa = PBXBuildFile; fileRef = 8444629A2850FE7800FF0E22 /* ViewController.swift */; };
		8444629E2850FE7800FF0E22 /* Main.storyboard in Resources */ = {isa = PBXBuildFile; fileRef = 8444629C2850FE7800FF0E22 /* Main.storyboard */; };
		844462A02850FE7900FF0E22 /* Assets.xcassets in Resources */ = {isa = PBXBuildFile; fileRef = 8444629F2850FE7900FF0E22 /* Assets.xcassets */; };
		844462A32850FE7900FF0E22 /* LaunchScreen.storyboard in Resources */ = {isa = PBXBuildFile; fileRef = 844462A12850FE7900FF0E22 /* LaunchScreen.storyboard */; };
		844462AB2852A09E00FF0E22 /* cardCollectionViewCell.swift in Sources */ = {isa = PBXBuildFile; fileRef = 844462AA2852A09E00FF0E22 /* cardCollectionViewCell.swift */; };
		844462AF2852AE2E00FF0E22 /* DetailCardViewController.swift in Sources */ = {isa = PBXBuildFile; fileRef = 844462AD2852AE2E00FF0E22 /* DetailCardViewController.swift */; };
		844462B02852AE2E00FF0E22 /* DetailCardViewController.xib in Resources */ = {isa = PBXBuildFile; fileRef = 844462AE2852AE2E00FF0E22 /* DetailCardViewController.xib */; };
		844462B52853E4AA00FF0E22 /* Cards.swift in Sources */ = {isa = PBXBuildFile; fileRef = 844462B42853E4AA00FF0E22 /* Cards.swift */; };
		844462BA2853E73800FF0E22 /* NetworkManager.swift in Sources */ = {isa = PBXBuildFile; fileRef = 844462B92853E73800FF0E22 /* NetworkManager.swift */; };
		844462BC2853ED6100FF0E22 /* Deck.swift in Sources */ = {isa = PBXBuildFile; fileRef = 844462BB2853ED6100FF0E22 /* Deck.swift */; };
		844462BE2853F1E500FF0E22 /* ImageManager.swift in Sources */ = {isa = PBXBuildFile; fileRef = 844462BD2853F1E500FF0E22 /* ImageManager.swift */; };
		844462C02858BB9600FF0E22 /* Shuffle.swift in Sources */ = {isa = PBXBuildFile; fileRef = 844462BF2858BB9600FF0E22 /* Shuffle.swift */; };
		844462C22858D25500FF0E22 /* AlertManager.swift in Sources */ = {isa = PBXBuildFile; fileRef = 844462C12858D25500FF0E22 /* AlertManager.swift */; };
		844462C42858D45E00FF0E22 /* UrlManager.swift in Sources */ = {isa = PBXBuildFile; fileRef = 844462C32858D45E00FF0E22 /* UrlManager.swift */; };
/* End PBXBuildFile section */

/* Begin PBXFileReference section */
		1B2F70ACAD8CEA0C3C12CD3A /* Pods-shuffle_cards_app.debug.xcconfig */ = {isa = PBXFileReference; includeInIndex = 1; lastKnownFileType = text.xcconfig; name = "Pods-shuffle_cards_app.debug.xcconfig"; path = "Target Support Files/Pods-shuffle_cards_app/Pods-shuffle_cards_app.debug.xcconfig"; sourceTree = "<group>"; };
		844462932850FE7800FF0E22 /* shuffle_cards_app.app */ = {isa = PBXFileReference; explicitFileType = wrapper.application; includeInIndex = 0; path = shuffle_cards_app.app; sourceTree = BUILT_PRODUCTS_DIR; };
		844462962850FE7800FF0E22 /* AppDelegate.swift */ = {isa = PBXFileReference; lastKnownFileType = sourcecode.swift; path = AppDelegate.swift; sourceTree = "<group>"; };
		844462982850FE7800FF0E22 /* SceneDelegate.swift */ = {isa = PBXFileReference; lastKnownFileType = sourcecode.swift; path = SceneDelegate.swift; sourceTree = "<group>"; };
		8444629A2850FE7800FF0E22 /* ViewController.swift */ = {isa = PBXFileReference; lastKnownFileType = sourcecode.swift; path = ViewController.swift; sourceTree = "<group>"; };
		8444629D2850FE7800FF0E22 /* Base */ = {isa = PBXFileReference; lastKnownFileType = file.storyboard; name = Base; path = Base.lproj/Main.storyboard; sourceTree = "<group>"; };
		8444629F2850FE7900FF0E22 /* Assets.xcassets */ = {isa = PBXFileReference; lastKnownFileType = folder.assetcatalog; path = Assets.xcassets; sourceTree = "<group>"; };
		844462A22850FE7900FF0E22 /* Base */ = {isa = PBXFileReference; lastKnownFileType = file.storyboard; name = Base; path = Base.lproj/LaunchScreen.storyboard; sourceTree = "<group>"; };
		844462A42850FE7900FF0E22 /* Info.plist */ = {isa = PBXFileReference; lastKnownFileType = text.plist.xml; path = Info.plist; sourceTree = "<group>"; };
		844462AA2852A09E00FF0E22 /* cardCollectionViewCell.swift */ = {isa = PBXFileReference; lastKnownFileType = sourcecode.swift; path = cardCollectionViewCell.swift; sourceTree = "<group>"; };
		844462AD2852AE2E00FF0E22 /* DetailCardViewController.swift */ = {isa = PBXFileReference; lastKnownFileType = sourcecode.swift; path = DetailCardViewController.swift; sourceTree = "<group>"; };
		844462AE2852AE2E00FF0E22 /* DetailCardViewController.xib */ = {isa = PBXFileReference; lastKnownFileType = file.xib; path = DetailCardViewController.xib; sourceTree = "<group>"; };
		844462B42853E4AA00FF0E22 /* Cards.swift */ = {isa = PBXFileReference; lastKnownFileType = sourcecode.swift; path = Cards.swift; sourceTree = "<group>"; };
		844462B92853E73800FF0E22 /* NetworkManager.swift */ = {isa = PBXFileReference; lastKnownFileType = sourcecode.swift; path = NetworkManager.swift; sourceTree = "<group>"; };
		844462BB2853ED6100FF0E22 /* Deck.swift */ = {isa = PBXFileReference; lastKnownFileType = sourcecode.swift; path = Deck.swift; sourceTree = "<group>"; };
		844462BD2853F1E500FF0E22 /* ImageManager.swift */ = {isa = PBXFileReference; lastKnownFileType = sourcecode.swift; path = ImageManager.swift; sourceTree = "<group>"; };
		844462BF2858BB9600FF0E22 /* Shuffle.swift */ = {isa = PBXFileReference; lastKnownFileType = sourcecode.swift; path = Shuffle.swift; sourceTree = "<group>"; };
		844462C12858D25500FF0E22 /* AlertManager.swift */ = {isa = PBXFileReference; lastKnownFileType = sourcecode.swift; path = AlertManager.swift; sourceTree = "<group>"; };
		844462C32858D45E00FF0E22 /* UrlManager.swift */ = {isa = PBXFileReference; lastKnownFileType = sourcecode.swift; path = UrlManager.swift; sourceTree = "<group>"; };
		D6EBC85199866CF8F3FEAFA8 /* Pods_shuffle_cards_app.framework */ = {isa = PBXFileReference; explicitFileType = wrapper.framework; includeInIndex = 0; path = Pods_shuffle_cards_app.framework; sourceTree = BUILT_PRODUCTS_DIR; };
		F06E9A25525578D2A92DFA5E /* Pods-shuffle_cards_app.release.xcconfig */ = {isa = PBXFileReference; includeInIndex = 1; lastKnownFileType = text.xcconfig; name = "Pods-shuffle_cards_app.release.xcconfig"; path = "Target Support Files/Pods-shuffle_cards_app/Pods-shuffle_cards_app.release.xcconfig"; sourceTree = "<group>"; };
/* End PBXFileReference section */

/* Begin PBXFrameworksBuildPhase section */
		844462902850FE7800FF0E22 /* Frameworks */ = {
			isa = PBXFrameworksBuildPhase;
			buildActionMask = 2147483647;
			files = (
				41B4F2E571D2BBF20869B724 /* Pods_shuffle_cards_app.framework in Frameworks */,
			);
			runOnlyForDeploymentPostprocessing = 0;
		};
/* End PBXFrameworksBuildPhase section */

/* Begin PBXGroup section */
		2264ABA012539F2B0F7DA2C1 /* Frameworks */ = {
			isa = PBXGroup;
			children = (
				D6EBC85199866CF8F3FEAFA8 /* Pods_shuffle_cards_app.framework */,
			);
			name = Frameworks;
			sourceTree = "<group>";
		};
		3F64322E686DA49EC5B7D620 /* Pods */ = {
			isa = PBXGroup;
			children = (
				1B2F70ACAD8CEA0C3C12CD3A /* Pods-shuffle_cards_app.debug.xcconfig */,
				F06E9A25525578D2A92DFA5E /* Pods-shuffle_cards_app.release.xcconfig */,
			);
			path = Pods;
			sourceTree = "<group>";
		};
		8444628A2850FE7800FF0E22 = {
			isa = PBXGroup;
			children = (
				844462952850FE7800FF0E22 /* shuffle_cards_app */,
				844462942850FE7800FF0E22 /* Products */,
				3F64322E686DA49EC5B7D620 /* Pods */,
				2264ABA012539F2B0F7DA2C1 /* Frameworks */,
			);
			sourceTree = "<group>";
		};
		844462942850FE7800FF0E22 /* Products */ = {
			isa = PBXGroup;
			children = (
				844462932850FE7800FF0E22 /* shuffle_cards_app.app */,
			);
			name = Products;
			sourceTree = "<group>";
		};
		844462952850FE7800FF0E22 /* shuffle_cards_app */ = {
			isa = PBXGroup;
			children = (
				844462B82853E70700FF0E22 /* managers */,
				844462B12853DBF500FF0E22 /* models */,
				844462AC2852ADFE00FF0E22 /* detailCard */,
				844462962850FE7800FF0E22 /* AppDelegate.swift */,
				844462982850FE7800FF0E22 /* SceneDelegate.swift */,
				8444629A2850FE7800FF0E22 /* ViewController.swift */,
				844462AA2852A09E00FF0E22 /* cardCollectionViewCell.swift */,
				8444629C2850FE7800FF0E22 /* Main.storyboard */,
				8444629F2850FE7900FF0E22 /* Assets.xcassets */,
				844462A12850FE7900FF0E22 /* LaunchScreen.storyboard */,
				844462A42850FE7900FF0E22 /* Info.plist */,
			);
			path = shuffle_cards_app;
			sourceTree = "<group>";
		};
		844462AC2852ADFE00FF0E22 /* detailCard */ = {
			isa = PBXGroup;
			children = (
				844462AD2852AE2E00FF0E22 /* DetailCardViewController.swift */,
				844462AE2852AE2E00FF0E22 /* DetailCardViewController.xib */,
			);
			path = detailCard;
			sourceTree = "<group>";
		};
		844462B12853DBF500FF0E22 /* models */ = {
			isa = PBXGroup;
			children = (
				844462B42853E4AA00FF0E22 /* Cards.swift */,
				844462BB2853ED6100FF0E22 /* Deck.swift */,
				844462BF2858BB9600FF0E22 /* Shuffle.swift */,
			);
			path = models;
			sourceTree = "<group>";
		};
		844462B82853E70700FF0E22 /* managers */ = {
			isa = PBXGroup;
			children = (
				844462B92853E73800FF0E22 /* NetworkManager.swift */,
				844462BD2853F1E500FF0E22 /* ImageManager.swift */,
				844462C12858D25500FF0E22 /* AlertManager.swift */,
				844462C32858D45E00FF0E22 /* UrlManager.swift */,
			);
			path = managers;
			sourceTree = "<group>";
		};
/* End PBXGroup section */

/* Begin PBXNativeTarget section */
		844462922850FE7800FF0E22 /* shuffle_cards_app */ = {
			isa = PBXNativeTarget;
			buildConfigurationList = 844462A72850FE7900FF0E22 /* Build configuration list for PBXNativeTarget "shuffle_cards_app" */;
			buildPhases = (
				8B5D89E6FE854730CBC2F4BA /* [CP] Check Pods Manifest.lock */,
				8444628F2850FE7800FF0E22 /* Sources */,
				844462902850FE7800FF0E22 /* Frameworks */,
				844462912850FE7800FF0E22 /* Resources */,
				38290F138A5FF291A67717A5 /* [CP] Embed Pods Frameworks */,
			);
			buildRules = (
			);
			dependencies = (
			);
			name = shuffle_cards_app;
			productName = shuffle_cards_app;
			productReference = 844462932850FE7800FF0E22 /* shuffle_cards_app.app */;
			productType = "com.apple.product-type.application";
		};
/* End PBXNativeTarget section */

/* Begin PBXProject section */
		8444628B2850FE7800FF0E22 /* Project object */ = {
			isa = PBXProject;
			attributes = {
				BuildIndependentTargetsInParallel = 1;
				LastSwiftUpdateCheck = 1340;
				LastUpgradeCheck = 1340;
				TargetAttributes = {
					844462922850FE7800FF0E22 = {
						CreatedOnToolsVersion = 13.4;
					};
				};
			};
			buildConfigurationList = 8444628E2850FE7800FF0E22 /* Build configuration list for PBXProject "shuffle_cards_app" */;
			compatibilityVersion = "Xcode 13.0";
			developmentRegion = en;
			hasScannedForEncodings = 0;
			knownRegions = (
				en,
				Base,
			);
			mainGroup = 8444628A2850FE7800FF0E22;
			productRefGroup = 844462942850FE7800FF0E22 /* Products */;
			projectDirPath = "";
			projectRoot = "";
			targets = (
				844462922850FE7800FF0E22 /* shuffle_cards_app */,
			);
		};
/* End PBXProject section */

/* Begin PBXResourcesBuildPhase section */
		844462912850FE7800FF0E22 /* Resources */ = {
			isa = PBXResourcesBuildPhase;
			buildActionMask = 2147483647;
			files = (
				844462A32850FE7900FF0E22 /* LaunchScreen.storyboard in Resources */,
				844462B02852AE2E00FF0E22 /* DetailCardViewController.xib in Resources */,
				844462A02850FE7900FF0E22 /* Assets.xcassets in Resources */,
				8444629E2850FE7800FF0E22 /* Main.storyboard in Resources */,
			);
			runOnlyForDeploymentPostprocessing = 0;
		};
/* End PBXResourcesBuildPhase section */

/* Begin PBXShellScriptBuildPhase section */
		38290F138A5FF291A67717A5 /* [CP] Embed Pods Frameworks */ = {
			isa = PBXShellScriptBuildPhase;
			buildActionMask = 2147483647;
			files = (
			);
			inputFileListPaths = (
				"${PODS_ROOT}/Target Support Files/Pods-shuffle_cards_app/Pods-shuffle_cards_app-frameworks-${CONFIGURATION}-input-files.xcfilelist",
			);
			name = "[CP] Embed Pods Frameworks";
			outputFileListPaths = (
				"${PODS_ROOT}/Target Support Files/Pods-shuffle_cards_app/Pods-shuffle_cards_app-frameworks-${CONFIGURATION}-output-files.xcfilelist",
			);
			runOnlyForDeploymentPostprocessing = 0;
			shellPath = /bin/sh;
			shellScript = "\"${PODS_ROOT}/Target Support Files/Pods-shuffle_cards_app/Pods-shuffle_cards_app-frameworks.sh\"\n";
			showEnvVarsInLog = 0;
		};
		8B5D89E6FE854730CBC2F4BA /* [CP] Check Pods Manifest.lock */ = {
			isa = PBXShellScriptBuildPhase;
			buildActionMask = 2147483647;
			files = (
			);
			inputFileListPaths = (
			);
			inputPaths = (
				"${PODS_PODFILE_DIR_PATH}/Podfile.lock",
				"${PODS_ROOT}/Manifest.lock",
			);
			name = "[CP] Check Pods Manifest.lock";
			outputFileListPaths = (
			);
			outputPaths = (
				"$(DERIVED_FILE_DIR)/Pods-shuffle_cards_app-checkManifestLockResult.txt",
			);
			runOnlyForDeploymentPostprocessing = 0;
			shellPath = /bin/sh;
			shellScript = "diff \"${PODS_PODFILE_DIR_PATH}/Podfile.lock\" \"${PODS_ROOT}/Manifest.lock\" > /dev/null\nif [ $? != 0 ] ; then\n    # print error to STDERR\n    echo \"error: The sandbox is not in sync with the Podfile.lock. Run 'pod install' or update your CocoaPods installation.\" >&2\n    exit 1\nfi\n# This output is used by Xcode 'outputs' to avoid re-running this script phase.\necho \"SUCCESS\" > \"${SCRIPT_OUTPUT_FILE_0}\"\n";
			showEnvVarsInLog = 0;
		};
/* End PBXShellScriptBuildPhase section */

/* Begin PBXSourcesBuildPhase section */
		8444628F2850FE7800FF0E22 /* Sources */ = {
			isa = PBXSourcesBuildPhase;
			buildActionMask = 2147483647;
			files = (
				844462BA2853E73800FF0E22 /* NetworkManager.swift in Sources */,
				844462C22858D25500FF0E22 /* AlertManager.swift in Sources */,
				844462AB2852A09E00FF0E22 /* cardCollectionViewCell.swift in Sources */,
				844462BC2853ED6100FF0E22 /* Deck.swift in Sources */,
				844462AF2852AE2E00FF0E22 /* DetailCardViewController.swift in Sources */,
				844462C02858BB9600FF0E22 /* Shuffle.swift in Sources */,
				8444629B2850FE7800FF0E22 /* ViewController.swift in Sources */,
				844462B52853E4AA00FF0E22 /* Cards.swift in Sources */,
				844462972850FE7800FF0E22 /* AppDelegate.swift in Sources */,
				844462C42858D45E00FF0E22 /* UrlManager.swift in Sources */,
				844462BE2853F1E500FF0E22 /* ImageManager.swift in Sources */,
				844462992850FE7800FF0E22 /* SceneDelegate.swift in Sources */,
			);
			runOnlyForDeploymentPostprocessing = 0;
		};
/* End PBXSourcesBuildPhase section */

/* Begin PBXVariantGroup section */
		8444629C2850FE7800FF0E22 /* Main.storyboard */ = {
			isa = PBXVariantGroup;
			children = (
				8444629D2850FE7800FF0E22 /* Base */,
			);
			name = Main.storyboard;
			sourceTree = "<group>";
		};
		844462A12850FE7900FF0E22 /* LaunchScreen.storyboard */ = {
			isa = PBXVariantGroup;
			children = (
				844462A22850FE7900FF0E22 /* Base */,
			);
			name = LaunchScreen.storyboard;
			sourceTree = "<group>";
		};
/* End PBXVariantGroup section */

/* Begin XCBuildConfiguration section */
		844462A52850FE7900FF0E22 /* Debug */ = {
			isa = XCBuildConfiguration;
			buildSettings = {
				ALWAYS_SEARCH_USER_PATHS = NO;
				CLANG_ANALYZER_NONNULL = YES;
				CLANG_ANALYZER_NUMBER_OBJECT_CONVERSION = YES_AGGRESSIVE;
				CLANG_CXX_LANGUAGE_STANDARD = "gnu++17";
				CLANG_ENABLE_MODULES = YES;
				CLANG_ENABLE_OBJC_ARC = YES;
				CLANG_ENABLE_OBJC_WEAK = YES;
				CLANG_WARN_BLOCK_CAPTURE_AUTORELEASING = YES;
				CLANG_WARN_BOOL_CONVERSION = YES;
				CLANG_WARN_COMMA = YES;
				CLANG_WARN_CONSTANT_CONVERSION = YES;
				CLANG_WARN_DEPRECATED_OBJC_IMPLEMENTATIONS = YES;
				CLANG_WARN_DIRECT_OBJC_ISA_USAGE = YES_ERROR;
				CLANG_WARN_DOCUMENTATION_COMMENTS = YES;
				CLANG_WARN_EMPTY_BODY = YES;
				CLANG_WARN_ENUM_CONVERSION = YES;
				CLANG_WARN_INFINITE_RECURSION = YES;
				CLANG_WARN_INT_CONVERSION = YES;
				CLANG_WARN_NON_LITERAL_NULL_CONVERSION = YES;
				CLANG_WARN_OBJC_IMPLICIT_RETAIN_SELF = YES;
				CLANG_WARN_OBJC_LITERAL_CONVERSION = YES;
				CLANG_WARN_OBJC_ROOT_CLASS = YES_ERROR;
				CLANG_WARN_QUOTED_INCLUDE_IN_FRAMEWORK_HEADER = YES;
				CLANG_WARN_RANGE_LOOP_ANALYSIS = YES;
				CLANG_WARN_STRICT_PROTOTYPES = YES;
				CLANG_WARN_SUSPICIOUS_MOVE = YES;
				CLANG_WARN_UNGUARDED_AVAILABILITY = YES_AGGRESSIVE;
				CLANG_WARN_UNREACHABLE_CODE = YES;
				CLANG_WARN__DUPLICATE_METHOD_MATCH = YES;
				COPY_PHASE_STRIP = NO;
				DEBUG_INFORMATION_FORMAT = dwarf;
				ENABLE_STRICT_OBJC_MSGSEND = YES;
				ENABLE_TESTABILITY = YES;
				GCC_C_LANGUAGE_STANDARD = gnu11;
				GCC_DYNAMIC_NO_PIC = NO;
				GCC_NO_COMMON_BLOCKS = YES;
				GCC_OPTIMIZATION_LEVEL = 0;
				GCC_PREPROCESSOR_DEFINITIONS = (
					"DEBUG=1",
					"$(inherited)",
				);
				GCC_WARN_64_TO_32_BIT_CONVERSION = YES;
				GCC_WARN_ABOUT_RETURN_TYPE = YES_ERROR;
				GCC_WARN_UNDECLARED_SELECTOR = YES;
				GCC_WARN_UNINITIALIZED_AUTOS = YES_AGGRESSIVE;
				GCC_WARN_UNUSED_FUNCTION = YES;
				GCC_WARN_UNUSED_VARIABLE = YES;
				IPHONEOS_DEPLOYMENT_TARGET = 15.5;
				MTL_ENABLE_DEBUG_INFO = INCLUDE_SOURCE;
				MTL_FAST_MATH = YES;
				ONLY_ACTIVE_ARCH = YES;
				SDKROOT = iphoneos;
				SWIFT_ACTIVE_COMPILATION_CONDITIONS = DEBUG;
				SWIFT_OPTIMIZATION_LEVEL = "-Onone";
			};
			name = Debug;
		};
		844462A62850FE7900FF0E22 /* Release */ = {
			isa = XCBuildConfiguration;
			buildSettings = {
				ALWAYS_SEARCH_USER_PATHS = NO;
				CLANG_ANALYZER_NONNULL = YES;
				CLANG_ANALYZER_NUMBER_OBJECT_CONVERSION = YES_AGGRESSIVE;
				CLANG_CXX_LANGUAGE_STANDARD = "gnu++17";
				CLANG_ENABLE_MODULES = YES;
				CLANG_ENABLE_OBJC_ARC = YES;
				CLANG_ENABLE_OBJC_WEAK = YES;
				CLANG_WARN_BLOCK_CAPTURE_AUTORELEASING = YES;
				CLANG_WARN_BOOL_CONVERSION = YES;
				CLANG_WARN_COMMA = YES;
				CLANG_WARN_CONSTANT_CONVERSION = YES;
				CLANG_WARN_DEPRECATED_OBJC_IMPLEMENTATIONS = YES;
				CLANG_WARN_DIRECT_OBJC_ISA_USAGE = YES_ERROR;
				CLANG_WARN_DOCUMENTATION_COMMENTS = YES;
				CLANG_WARN_EMPTY_BODY = YES;
				CLANG_WARN_ENUM_CONVERSION = YES;
				CLANG_WARN_INFINITE_RECURSION = YES;
				CLANG_WARN_INT_CONVERSION = YES;
				CLANG_WARN_NON_LITERAL_NULL_CONVERSION = YES;
				CLANG_WARN_OBJC_IMPLICIT_RETAIN_SELF = YES;
				CLANG_WARN_OBJC_LITERAL_CONVERSION = YES;
				CLANG_WARN_OBJC_ROOT_CLASS = YES_ERROR;
				CLANG_WARN_QUOTED_INCLUDE_IN_FRAMEWORK_HEADER = YES;
				CLANG_WARN_RANGE_LOOP_ANALYSIS = YES;
				CLANG_WARN_STRICT_PROTOTYPES = YES;
				CLANG_WARN_SUSPICIOUS_MOVE = YES;
				CLANG_WARN_UNGUARDED_AVAILABILITY = YES_AGGRESSIVE;
				CLANG_WARN_UNREACHABLE_CODE = YES;
				CLANG_WARN__DUPLICATE_METHOD_MATCH = YES;
				COPY_PHASE_STRIP = NO;
				DEBUG_INFORMATION_FORMAT = "dwarf-with-dsym";
				ENABLE_NS_ASSERTIONS = NO;
				ENABLE_STRICT_OBJC_MSGSEND = YES;
				GCC_C_LANGUAGE_STANDARD = gnu11;
				GCC_NO_COMMON_BLOCKS = YES;
				GCC_WARN_64_TO_32_BIT_CONVERSION = YES;
				GCC_WARN_ABOUT_RETURN_TYPE = YES_ERROR;
				GCC_WARN_UNDECLARED_SELECTOR = YES;
				GCC_WARN_UNINITIALIZED_AUTOS = YES_AGGRESSIVE;
				GCC_WARN_UNUSED_FUNCTION = YES;
				GCC_WARN_UNUSED_VARIABLE = YES;
				IPHONEOS_DEPLOYMENT_TARGET = 15.5;
				MTL_ENABLE_DEBUG_INFO = NO;
				MTL_FAST_MATH = YES;
				SDKROOT = iphoneos;
				SWIFT_COMPILATION_MODE = wholemodule;
				SWIFT_OPTIMIZATION_LEVEL = "-O";
				VALIDATE_PRODUCT = YES;
			};
			name = Release;
		};
		844462A82850FE7900FF0E22 /* Debug */ = {
			isa = XCBuildConfiguration;
			baseConfigurationReference = 1B2F70ACAD8CEA0C3C12CD3A /* Pods-shuffle_cards_app.debug.xcconfig */;
			buildSettings = {
				ASSETCATALOG_COMPILER_APPICON_NAME = AppIcon;
				ASSETCATALOG_COMPILER_GLOBAL_ACCENT_COLOR_NAME = AccentColor;
				CODE_SIGN_STYLE = Automatic;
				CURRENT_PROJECT_VERSION = 1;
				DEVELOPMENT_TEAM = 64NHHJ7YTA;
				GENERATE_INFOPLIST_FILE = YES;
				INFOPLIST_FILE = shuffle_cards_app/Info.plist;
				INFOPLIST_KEY_UIApplicationSupportsIndirectInputEvents = YES;
				INFOPLIST_KEY_UILaunchStoryboardName = LaunchScreen;
				INFOPLIST_KEY_UIMainStoryboardFile = Main;
				INFOPLIST_KEY_UISupportedInterfaceOrientations_iPad = "UIInterfaceOrientationPortrait UIInterfaceOrientationPortraitUpsideDown UIInterfaceOrientationLandscapeLeft UIInterfaceOrientationLandscapeRight";
				INFOPLIST_KEY_UISupportedInterfaceOrientations_iPhone = "UIInterfaceOrientationPortrait UIInterfaceOrientationLandscapeLeft UIInterfaceOrientationLandscapeRight";
				LD_RUNPATH_SEARCH_PATHS = (
					"$(inherited)",
					"@executable_path/Frameworks",
				);
				MARKETING_VERSION = 1.0;
				PRODUCT_BUNDLE_IDENTIFIER = com.rodrigoschar.shuffecardsapp;
				PRODUCT_NAME = "$(TARGET_NAME)";
				SWIFT_EMIT_LOC_STRINGS = YES;
				SWIFT_VERSION = 5.0;
				TARGETED_DEVICE_FAMILY = "1,2";
			};
			name = Debug;
		};
		844462A92850FE7900FF0E22 /* Release */ = {
			isa = XCBuildConfiguration;
			baseConfigurationReference = F06E9A25525578D2A92DFA5E /* Pods-shuffle_cards_app.release.xcconfig */;
			buildSettings = {
				ASSETCATALOG_COMPILER_APPICON_NAME = AppIcon;
				ASSETCATALOG_COMPILER_GLOBAL_ACCENT_COLOR_NAME = AccentColor;
				CODE_SIGN_STYLE = Automatic;
				CURRENT_PROJECT_VERSION = 1;
				DEVELOPMENT_TEAM = 64NHHJ7YTA;
				GENERATE_INFOPLIST_FILE = YES;
				INFOPLIST_FILE = shuffle_cards_app/Info.plist;
				INFOPLIST_KEY_UIApplicationSupportsIndirectInputEvents = YES;
				INFOPLIST_KEY_UILaunchStoryboardName = LaunchScreen;
				INFOPLIST_KEY_UIMainStoryboardFile = Main;
				INFOPLIST_KEY_UISupportedInterfaceOrientations_iPad = "UIInterfaceOrientationPortrait UIInterfaceOrientationPortraitUpsideDown UIInterfaceOrientationLandscapeLeft UIInterfaceOrientationLandscapeRight";
				INFOPLIST_KEY_UISupportedInterfaceOrientations_iPhone = "UIInterfaceOrientationPortrait UIInterfaceOrientationLandscapeLeft UIInterfaceOrientationLandscapeRight";
				LD_RUNPATH_SEARCH_PATHS = (
					"$(inherited)",
					"@executable_path/Frameworks",
				);
				MARKETING_VERSION = 1.0;
				PRODUCT_BUNDLE_IDENTIFIER = com.rodrigoschar.shuffecardsapp;
				PRODUCT_NAME = "$(TARGET_NAME)";
				SWIFT_EMIT_LOC_STRINGS = YES;
				SWIFT_VERSION = 5.0;
				TARGETED_DEVICE_FAMILY = "1,2";
			};
			name = Release;
		};
/* End XCBuildConfiguration section */

/* Begin XCConfigurationList section */
		8444628E2850FE7800FF0E22 /* Build configuration list for PBXProject "shuffle_cards_app" */ = {
			isa = XCConfigurationList;
			buildConfigurations = (
				844462A52850FE7900FF0E22 /* Debug */,
				844462A62850FE7900FF0E22 /* Release */,
			);
			defaultConfigurationIsVisible = 0;
			defaultConfigurationName = Release;
		};
		844462A72850FE7900FF0E22 /* Build configuration list for PBXNativeTarget "shuffle_cards_app" */ = {
			isa = XCConfigurationList;
			buildConfigurations = (
				844462A82850FE7900FF0E22 /* Debug */,
				844462A92850FE7900FF0E22 /* Release */,
			);
			defaultConfigurationIsVisible = 0;
			defaultConfigurationName = Release;
		};
/* End XCConfigurationList section */
	};
	rootObject = 8444628B2850FE7800FF0E22 /* Project object */;
}
